
Microsoft Visual Studio Solution File, Format Version 12.00
# Visual Studio 14
VisualStudioVersion = 14.0.25420.1
MinimumVisualStudioVersion = 10.0.40219.1
Project("{FAE04EC0-301F-11D3-BF4B-00C04F79EFBC}") = "ReferralTool", "ReferralTool\ReferralTool.csproj", "{607ECC05-EB86-4843-8D9E-C69438CADA4D}"
EndProject
Project("{FAE04EC0-301F-11D3-BF4B-00C04F79EFBC}") = "ReferralTool.Tests", "ReferralTool.Tests\ReferralTool.Tests.csproj", "{CABBF92B-ED3E-4785-AFF5-A2355FA3BD19}"
EndProject
Global
	GlobalSection(SolutionConfigurationPlatforms) = preSolution
		Debug|Any CPU = Debug|Any CPU
		Release|Any CPU = Release|Any CPU
	EndGlobalSection
	GlobalSection(ProjectConfigurationPlatforms) = postSolution
		{607ECC05-EB86-4843-8D9E-C69438CADA4D}.Debug|Any CPU.ActiveCfg = Debug|Any CPU
		{607ECC05-EB86-4843-8D9E-C69438CADA4D}.Debug|Any CPU.Build.0 = Debug|Any CPU
		{607ECC05-EB86-4843-8D9E-C69438CADA4D}.Release|Any CPU.ActiveCfg = Release|Any CPU
		{607ECC05-EB86-4843-8D9E-C69438CADA4D}.Release|Any CPU.Build.0 = Release|Any CPU
		{CABBF92B-ED3E-4785-AFF5-A2355FA3BD19}.Debug|Any CPU.ActiveCfg = Debug|Any CPU
		{CABBF92B-ED3E-4785-AFF5-A2355FA3BD19}.Debug|Any CPU.Build.0 = Debug|Any CPU
		{CABBF92B-ED3E-4785-AFF5-A2355FA3BD19}.Release|Any CPU.ActiveCfg = Release|Any CPU
		{CABBF92B-ED3E-4785-AFF5-A2355FA3BD19}.Release|Any CPU.Build.0 = Release|Any CPU
	EndGlobalSection
	GlobalSection(SolutionProperties) = preSolution
		HideSolutionNode = FALSE
	EndGlobalSection
EndGlobal
